
Microsoft Visual Studio Solution File, Format Version 12.00
# Visual Studio 15
VisualStudioVersion = 15.0.27004.2009
MinimumVisualStudioVersion = 10.0.40219.1
Project("{FAE04EC0-301F-11D3-BF4B-00C04F79EFBC}") = "CalculatorWebApplication", "CalculatorWebApplication\CalculatorWebApplication.csproj", "{31F0BB65-D7F4-421B-9975-CD812F60C31A}"
EndProject
Project("{FAE04EC0-301F-11D3-BF4B-00C04F79EFBC}") = "CalculatorWebApplication.Tests", "CalculatorWebApplication.Tests\CalculatorWebApplication.Tests.csproj", "{86BACA9C-8F2E-4263-9E3F-1515630E1B78}"
EndProject
Global
	GlobalSection(SolutionConfigurationPlatforms) = preSolution
		Debug|Any CPU = Debug|Any CPU
		Release|Any CPU = Release|Any CPU
	EndGlobalSection
	GlobalSection(ProjectConfigurationPlatforms) = postSolution
		{31F0BB65-D7F4-421B-9975-CD812F60C31A}.Debug|Any CPU.ActiveCfg = Debug|Any CPU
		{31F0BB65-D7F4-421B-9975-CD812F60C31A}.Debug|Any CPU.Build.0 = Debug|Any CPU
		{31F0BB65-D7F4-421B-9975-CD812F60C31A}.Release|Any CPU.ActiveCfg = Release|Any CPU
		{31F0BB65-D7F4-421B-9975-CD812F60C31A}.Release|Any CPU.Build.0 = Release|Any CPU
		{86BACA9C-8F2E-4263-9E3F-1515630E1B78}.Debug|Any CPU.ActiveCfg = Debug|Any CPU
		{86BACA9C-8F2E-4263-9E3F-1515630E1B78}.Debug|Any CPU.Build.0 = Debug|Any CPU
		{86BACA9C-8F2E-4263-9E3F-1515630E1B78}.Release|Any CPU.ActiveCfg = Release|Any CPU
		{86BACA9C-8F2E-4263-9E3F-1515630E1B78}.Release|Any CPU.Build.0 = Release|Any CPU
	EndGlobalSection
	GlobalSection(SolutionProperties) = preSolution
		HideSolutionNode = FALSE
	EndGlobalSection
	GlobalSection(ExtensibilityGlobals) = postSolution
		SolutionGuid = {74D004F4-8F6F-4B75-B845-A7B346BDFDBC}
	EndGlobalSection
EndGlobal
